
Microsoft Visual Studio Solution File, Format Version 12.00
# Visual Studio Version 17
VisualStudioVersion = 17.5.002.0
MinimumVisualStudioVersion = 10.0.40219.1
Project("{9A19103F-16F7-4668-BE54-9A1E7A4F7556}") = "API_Web_com_ASP.NET", "API_Web_com_ASP.NET.csproj", "{ADC10439-1871-4E53-BB15-83B88590107C}"
EndProject
Global
	GlobalSection(SolutionConfigurationPlatforms) = preSolution
		Debug|Any CPU = Debug|Any CPU
		Release|Any CPU = Release|Any CPU
	EndGlobalSection
	GlobalSection(ProjectConfigurationPlatforms) = postSolution
		{ADC10439-1871-4E53-BB15-83B88590107C}.Debug|Any CPU.ActiveCfg = Debug|Any CPU
		{ADC10439-1871-4E53-BB15-83B88590107C}.Debug|Any CPU.Build.0 = Debug|Any CPU
		{ADC10439-1871-4E53-BB15-83B88590107C}.Release|Any CPU.ActiveCfg = Release|Any CPU
		{ADC10439-1871-4E53-BB15-83B88590107C}.Release|Any CPU.Build.0 = Release|Any CPU
	EndGlobalSection
	GlobalSection(SolutionProperties) = preSolution
		HideSolutionNode = FALSE
	EndGlobalSection
	GlobalSection(ExtensibilityGlobals) = postSolution
		SolutionGuid = {D5C933C7-972A-4603-B828-B29AB8A54697}
	EndGlobalSection
EndGlobal
